{
	"name": "sql-concat",
	"version": "3.1.0",
	"lockfileVersion": 2,
	"requires": true,
	"packages": {
		"": {
			"name": "sql-concat",
			"version": "3.1.0",
			"license": "WTFPL",
			"dependencies": {
				"sqlstring": "^2.3.1"
			}
		},
		"node_modules/sqlstring": {
			"version": "2.3.1",
			"resolved": "https://registry.npmjs.org/sqlstring/-/sqlstring-2.3.1.tgz",
			"integrity": "sha1-R1OT/56RR5rqYtyvDKPRSYOn+0A=",
			"engines": {
				"node": ">= 0.6"
			}
		}
	},
	"dependencies": {
		"sqlstring": {
			"version": "2.3.1",
			"resolved": "https://registry.npmjs.org/sqlstring/-/sqlstring-2.3.1.tgz",
			"integrity": "sha1-R1OT/56RR5rqYtyvDKPRSYOn+0A="
		}
	}
}
